// !$*UTF8*$!
{
	archiveVersion = 1;
	classes = {
	};
	objectVersion = 55;
	objects = {

/* Begin PBXBuildFile section */
		56219DC92A39060100D2AFAA /* SafariView.swift in Sources */ = {isa = PBXBuildFile; fileRef = 56219DC82A39060100D2AFAA /* SafariView.swift */; };
		56219DCB2A390A0A00D2AFAA /* FrameworkTitleView.swift in Sources */ = {isa = PBXBuildFile; fileRef = 56219DCA2A390A0A00D2AFAA /* FrameworkTitleView.swift */; };
		56219DCD2A390A6C00D2AFAA /* XDismissButton.swift in Sources */ = {isa = PBXBuildFile; fileRef = 56219DCC2A390A6C00D2AFAA /* XDismissButton.swift */; };
		56AFBAFF2995E9DB00E67336 /* FrameworkDetailView.swift in Sources */ = {isa = PBXBuildFile; fileRef = 56AFBAFE2995E9DB00E67336 /* FrameworkDetailView.swift */; };
		56AFBB012995EC2200E67336 /* AFButton.swift in Sources */ = {isa = PBXBuildFile; fileRef = 56AFBB002995EC2200E67336 /* AFButton.swift */; };
		56AFBB032995F47A00E67336 /* FrameworkGridViewModel.swift in Sources */ = {isa = PBXBuildFile; fileRef = 56AFBB022995F47A00E67336 /* FrameworkGridViewModel.swift */; };
		56B8DD292A40F4720045E10B /* Mockdata.swift in Sources */ = {isa = PBXBuildFile; fileRef = 56B8DD282A40F4720045E10B /* Mockdata.swift */; };
		56C898942989CC6B00EC5FD8 /* Appstore_FrameworksApp.swift in Sources */ = {isa = PBXBuildFile; fileRef = 56C898932989CC6B00EC5FD8 /* Appstore_FrameworksApp.swift */; };
		56C898982989CC6C00EC5FD8 /* Assets.xcassets in Resources */ = {isa = PBXBuildFile; fileRef = 56C898972989CC6C00EC5FD8 /* Assets.xcassets */; };
		56C8989B2989CC6C00EC5FD8 /* Preview Assets.xcassets in Resources */ = {isa = PBXBuildFile; fileRef = 56C8989A2989CC6C00EC5FD8 /* Preview Assets.xcassets */; };
		56C898A22989CD8200EC5FD8 /* Framework.swift in Sources */ = {isa = PBXBuildFile; fileRef = 56C898A12989CD8200EC5FD8 /* Framework.swift */; };
		56C898A42989CE8E00EC5FD8 /* FrameworkGridView.swift in Sources */ = {isa = PBXBuildFile; fileRef = 56C898A32989CE8E00EC5FD8 /* FrameworkGridView.swift */; };
/* End PBXBuildFile section */

/* Begin PBXFileReference section */
		56219DC82A39060100D2AFAA /* SafariView.swift */ = {isa = PBXFileReference; lastKnownFileType = sourcecode.swift; path = SafariView.swift; sourceTree = "<group>"; };
		56219DCA2A390A0A00D2AFAA /* FrameworkTitleView.swift */ = {isa = PBXFileReference; lastKnownFileType = sourcecode.swift; path = FrameworkTitleView.swift; sourceTree = "<group>"; };
		56219DCC2A390A6C00D2AFAA /* XDismissButton.swift */ = {isa = PBXFileReference; lastKnownFileType = sourcecode.swift; path = XDismissButton.swift; sourceTree = "<group>"; };
		56AFBAFE2995E9DB00E67336 /* FrameworkDetailView.swift */ = {isa = PBXFileReference; lastKnownFileType = sourcecode.swift; path = FrameworkDetailView.swift; sourceTree = "<group>"; };
		56AFBB002995EC2200E67336 /* AFButton.swift */ = {isa = PBXFileReference; lastKnownFileType = sourcecode.swift; path = AFButton.swift; sourceTree = "<group>"; };
		56AFBB022995F47A00E67336 /* FrameworkGridViewModel.swift */ = {isa = PBXFileReference; lastKnownFileType = sourcecode.swift; path = FrameworkGridViewModel.swift; sourceTree = "<group>"; };
		56B8DD282A40F4720045E10B /* Mockdata.swift */ = {isa = PBXFileReference; lastKnownFileType = sourcecode.swift; path = Mockdata.swift; sourceTree = "<group>"; };
		56C898902989CC6B00EC5FD8 /* Appstore Frameworks.app */ = {isa = PBXFileReference; explicitFileType = wrapper.application; includeInIndex = 0; path = "Appstore Frameworks.app"; sourceTree = BUILT_PRODUCTS_DIR; };
		56C898932989CC6B00EC5FD8 /* Appstore_FrameworksApp.swift */ = {isa = PBXFileReference; lastKnownFileType = sourcecode.swift; path = Appstore_FrameworksApp.swift; sourceTree = "<group>"; };
		56C898972989CC6C00EC5FD8 /* Assets.xcassets */ = {isa = PBXFileReference; lastKnownFileType = folder.assetcatalog; path = Assets.xcassets; sourceTree = "<group>"; };
		56C8989A2989CC6C00EC5FD8 /* Preview Assets.xcassets */ = {isa = PBXFileReference; lastKnownFileType = folder.assetcatalog; path = "Preview Assets.xcassets"; sourceTree = "<group>"; };
		56C898A12989CD8200EC5FD8 /* Framework.swift */ = {isa = PBXFileReference; lastKnownFileType = sourcecode.swift; path = Framework.swift; sourceTree = "<group>"; };
		56C898A32989CE8E00EC5FD8 /* FrameworkGridView.swift */ = {isa = PBXFileReference; lastKnownFileType = sourcecode.swift; path = FrameworkGridView.swift; sourceTree = "<group>"; };
/* End PBXFileReference section */

/* Begin PBXFrameworksBuildPhase section */
		56C8988D2989CC6B00EC5FD8 /* Frameworks */ = {
			isa = PBXFrameworksBuildPhase;
			buildActionMask = 2147483647;
			files = (
			);
			runOnlyForDeploymentPostprocessing = 0;
		};
/* End PBXFrameworksBuildPhase section */

/* Begin PBXGroup section */
		56B8DD242A40F4390045E10B /* Views */ = {
			isa = PBXGroup;
			children = (
				56C898A32989CE8E00EC5FD8 /* FrameworkGridView.swift */,
				56219DCA2A390A0A00D2AFAA /* FrameworkTitleView.swift */,
				56AFBAFE2995E9DB00E67336 /* FrameworkDetailView.swift */,
				56219DC82A39060100D2AFAA /* SafariView.swift */,
				56AFBB002995EC2200E67336 /* AFButton.swift */,
				56219DCC2A390A6C00D2AFAA /* XDismissButton.swift */,
			);
			path = Views;
			sourceTree = "<group>";
		};
		56B8DD252A40F4430045E10B /* ViewModel */ = {
			isa = PBXGroup;
			children = (
				56AFBB022995F47A00E67336 /* FrameworkGridViewModel.swift */,
			);
			path = ViewModel;
			sourceTree = "<group>";
		};
		56B8DD262A40F4510045E10B /* Model */ = {
			isa = PBXGroup;
			children = (
				56C898A12989CD8200EC5FD8 /* Framework.swift */,
			);
			path = Model;
			sourceTree = "<group>";
		};
		56B8DD272A40F4660045E10B /* Constants */ = {
			isa = PBXGroup;
			children = (
				56B8DD282A40F4720045E10B /* Mockdata.swift */,
			);
			path = Constants;
			sourceTree = "<group>";
		};
		56C898872989CC6B00EC5FD8 = {
			isa = PBXGroup;
			children = (
				56C898922989CC6B00EC5FD8 /* Appstore Frameworks */,
				56C898912989CC6B00EC5FD8 /* Products */,
			);
			sourceTree = "<group>";
		};
		56C898912989CC6B00EC5FD8 /* Products */ = {
			isa = PBXGroup;
			children = (
				56C898902989CC6B00EC5FD8 /* Appstore Frameworks.app */,
			);
			name = Products;
			sourceTree = "<group>";
		};
		56C898922989CC6B00EC5FD8 /* Appstore Frameworks */ = {
			isa = PBXGroup;
			children = (
				56C898932989CC6B00EC5FD8 /* Appstore_FrameworksApp.swift */,
				56B8DD262A40F4510045E10B /* Model */,
				56B8DD242A40F4390045E10B /* Views */,
				56B8DD252A40F4430045E10B /* ViewModel */,
				56B8DD272A40F4660045E10B /* Constants */,
				56C898972989CC6C00EC5FD8 /* Assets.xcassets */,
				56C898992989CC6C00EC5FD8 /* Preview Content */,
			);
			path = "Appstore Frameworks";
			sourceTree = "<group>";
		};
		56C898992989CC6C00EC5FD8 /* Preview Content */ = {
			isa = PBXGroup;
			children = (
				56C8989A2989CC6C00EC5FD8 /* Preview Assets.xcassets */,
			);
			path = "Preview Content";
			sourceTree = "<group>";
		};
/* End PBXGroup section */

/* Begin PBXNativeTarget section */
		56C8988F2989CC6B00EC5FD8 /* Appstore Frameworks */ = {
			isa = PBXNativeTarget;
			buildConfigurationList = 56C8989E2989CC6C00EC5FD8 /* Build configuration list for PBXNativeTarget "Appstore Frameworks" */;
			buildPhases = (
				56C8988C2989CC6B00EC5FD8 /* Sources */,
				56C8988D2989CC6B00EC5FD8 /* Frameworks */,
				56C8988E2989CC6B00EC5FD8 /* Resources */,
			);
			buildRules = (
			);
			dependencies = (
			);
			name = "Appstore Frameworks";
			productName = "Appstore Frameworks";
			productReference = 56C898902989CC6B00EC5FD8 /* Appstore Frameworks.app */;
			productType = "com.apple.product-type.application";
		};
/* End PBXNativeTarget section */

/* Begin PBXProject section */
		56C898882989CC6B00EC5FD8 /* Project object */ = {
			isa = PBXProject;
			attributes = {
				BuildIndependentTargetsInParallel = 1;
				LastSwiftUpdateCheck = 1340;
				LastUpgradeCheck = 1340;
				TargetAttributes = {
					56C8988F2989CC6B00EC5FD8 = {
						CreatedOnToolsVersion = 13.4.1;
					};
				};
			};
			buildConfigurationList = 56C8988B2989CC6B00EC5FD8 /* Build configuration list for PBXProject "Appstore Frameworks" */;
			compatibilityVersion = "Xcode 13.0";
			developmentRegion = en;
			hasScannedForEncodings = 0;
			knownRegions = (
				en,
				Base,
			);
			mainGroup = 56C898872989CC6B00EC5FD8;
			productRefGroup = 56C898912989CC6B00EC5FD8 /* Products */;
			projectDirPath = "";
			projectRoot = "";
			targets = (
				56C8988F2989CC6B00EC5FD8 /* Appstore Frameworks */,
			);
		};
/* End PBXProject section */

/* Begin PBXResourcesBuildPhase section */
		56C8988E2989CC6B00EC5FD8 /* Resources */ = {
			isa = PBXResourcesBuildPhase;
			buildActionMask = 2147483647;
			files = (
				56C8989B2989CC6C00EC5FD8 /* Preview Assets.xcassets in Resources */,
				56C898982989CC6C00EC5FD8 /* Assets.xcassets in Resources */,
			);
			runOnlyForDeploymentPostprocessing = 0;
		};
/* End PBXResourcesBuildPhase section */

/* Begin PBXSourcesBuildPhase section */
		56C8988C2989CC6B00EC5FD8 /* Sources */ = {
			isa = PBXSourcesBuildPhase;
			buildActionMask = 2147483647;
			files = (
				56AFBAFF2995E9DB00E67336 /* FrameworkDetailView.swift in Sources */,
				56C898A42989CE8E00EC5FD8 /* FrameworkGridView.swift in Sources */,
				56219DCD2A390A6C00D2AFAA /* XDismissButton.swift in Sources */,
				56C898A22989CD8200EC5FD8 /* Framework.swift in Sources */,
				56AFBB012995EC2200E67336 /* AFButton.swift in Sources */,
				56C898942989CC6B00EC5FD8 /* Appstore_FrameworksApp.swift in Sources */,
				56AFBB032995F47A00E67336 /* FrameworkGridViewModel.swift in Sources */,
				56B8DD292A40F4720045E10B /* Mockdata.swift in Sources */,
				56219DCB2A390A0A00D2AFAA /* FrameworkTitleView.swift in Sources */,
				56219DC92A39060100D2AFAA /* SafariView.swift in Sources */,
			);
			runOnlyForDeploymentPostprocessing = 0;
		};
/* End PBXSourcesBuildPhase section */

/* Begin XCBuildConfiguration section */
		56C8989C2989CC6C00EC5FD8 /* Debug */ = {
			isa = XCBuildConfiguration;
			buildSettings = {
				ALWAYS_SEARCH_USER_PATHS = NO;
				CLANG_ANALYZER_NONNULL = YES;
				CLANG_ANALYZER_NUMBER_OBJECT_CONVERSION = YES_AGGRESSIVE;
				CLANG_CXX_LANGUAGE_STANDARD = "gnu++17";
				CLANG_ENABLE_MODULES = YES;
				CLANG_ENABLE_OBJC_ARC = YES;
				CLANG_ENABLE_OBJC_WEAK = YES;
				CLANG_WARN_BLOCK_CAPTURE_AUTORELEASING = YES;
				CLANG_WARN_BOOL_CONVERSION = YES;
				CLANG_WARN_COMMA = YES;
				CLANG_WARN_CONSTANT_CONVERSION = YES;
				CLANG_WARN_DEPRECATED_OBJC_IMPLEMENTATIONS = YES;
				CLANG_WARN_DIRECT_OBJC_ISA_USAGE = YES_ERROR;
				CLANG_WARN_DOCUMENTATION_COMMENTS = YES;
				CLANG_WARN_EMPTY_BODY = YES;
				CLANG_WARN_ENUM_CONVERSION = YES;
				CLANG_WARN_INFINITE_RECURSION = YES;
				CLANG_WARN_INT_CONVERSION = YES;
				CLANG_WARN_NON_LITERAL_NULL_CONVERSION = YES;
				CLANG_WARN_OBJC_IMPLICIT_RETAIN_SELF = YES;
				CLANG_WARN_OBJC_LITERAL_CONVERSION = YES;
				CLANG_WARN_OBJC_ROOT_CLASS = YES_ERROR;
				CLANG_WARN_QUOTED_INCLUDE_IN_FRAMEWORK_HEADER = YES;
				CLANG_WARN_RANGE_LOOP_ANALYSIS = YES;
				CLANG_WARN_STRICT_PROTOTYPES = YES;
				CLANG_WARN_SUSPICIOUS_MOVE = YES;
				CLANG_WARN_UNGUARDED_AVAILABILITY = YES_AGGRESSIVE;
				CLANG_WARN_UNREACHABLE_CODE = YES;
				CLANG_WARN__DUPLICATE_METHOD_MATCH = YES;
				COPY_PHASE_STRIP = NO;
				DEBUG_INFORMATION_FORMAT = dwarf;
				ENABLE_STRICT_OBJC_MSGSEND = YES;
				ENABLE_TESTABILITY = YES;
				GCC_C_LANGUAGE_STANDARD = gnu11;
				GCC_DYNAMIC_NO_PIC = NO;
				GCC_NO_COMMON_BLOCKS = YES;
				GCC_OPTIMIZATION_LEVEL = 0;
				GCC_PREPROCESSOR_DEFINITIONS = (
					"DEBUG=1",
					"$(inherited)",
				);
				GCC_WARN_64_TO_32_BIT_CONVERSION = YES;
				GCC_WARN_ABOUT_RETURN_TYPE = YES_ERROR;
				GCC_WARN_UNDECLARED_SELECTOR = YES;
				GCC_WARN_UNINITIALIZED_AUTOS = YES_AGGRESSIVE;
				GCC_WARN_UNUSED_FUNCTION = YES;
				GCC_WARN_UNUSED_VARIABLE = YES;
				IPHONEOS_DEPLOYMENT_TARGET = 15.5;
				MTL_ENABLE_DEBUG_INFO = INCLUDE_SOURCE;
				MTL_FAST_MATH = YES;
				ONLY_ACTIVE_ARCH = YES;
				SDKROOT = iphoneos;
				SWIFT_ACTIVE_COMPILATION_CONDITIONS = DEBUG;
				SWIFT_OPTIMIZATION_LEVEL = "-Onone";
			};
			name = Debug;
		};
		56C8989D2989CC6C00EC5FD8 /* Release */ = {
			isa = XCBuildConfiguration;
			buildSettings = {
				ALWAYS_SEARCH_USER_PATHS = NO;
				CLANG_ANALYZER_NONNULL = YES;
				CLANG_ANALYZER_NUMBER_OBJECT_CONVERSION = YES_AGGRESSIVE;
				CLANG_CXX_LANGUAGE_STANDARD = "gnu++17";
				CLANG_ENABLE_MODULES = YES;
				CLANG_ENABLE_OBJC_ARC = YES;
				CLANG_ENABLE_OBJC_WEAK = YES;
				CLANG_WARN_BLOCK_CAPTURE_AUTORELEASING = YES;
				CLANG_WARN_BOOL_CONVERSION = YES;
				CLANG_WARN_COMMA = YES;
				CLANG_WARN_CONSTANT_CONVERSION = YES;
				CLANG_WARN_DEPRECATED_OBJC_IMPLEMENTATIONS = YES;
				CLANG_WARN_DIRECT_OBJC_ISA_USAGE = YES_ERROR;
				CLANG_WARN_DOCUMENTATION_COMMENTS = YES;
				CLANG_WARN_EMPTY_BODY = YES;
				CLANG_WARN_ENUM_CONVERSION = YES;
				CLANG_WARN_INFINITE_RECURSION = YES;
				CLANG_WARN_INT_CONVERSION = YES;
				CLANG_WARN_NON_LITERAL_NULL_CONVERSION = YES;
				CLANG_WARN_OBJC_IMPLICIT_RETAIN_SELF = YES;
				CLANG_WARN_OBJC_LITERAL_CONVERSION = YES;
				CLANG_WARN_OBJC_ROOT_CLASS = YES_ERROR;
				CLANG_WARN_QUOTED_INCLUDE_IN_FRAMEWORK_HEADER = YES;
				CLANG_WARN_RANGE_LOOP_ANALYSIS = YES;
				CLANG_WARN_STRICT_PROTOTYPES = YES;
				CLANG_WARN_SUSPICIOUS_MOVE = YES;
				CLANG_WARN_UNGUARDED_AVAILABILITY = YES_AGGRESSIVE;
				CLANG_WARN_UNREACHABLE_CODE = YES;
				CLANG_WARN__DUPLICATE_METHOD_MATCH = YES;
				COPY_PHASE_STRIP = NO;
				DEBUG_INFORMATION_FORMAT = "dwarf-with-dsym";
				ENABLE_NS_ASSERTIONS = NO;
				ENABLE_STRICT_OBJC_MSGSEND = YES;
				GCC_C_LANGUAGE_STANDARD = gnu11;
				GCC_NO_COMMON_BLOCKS = YES;
				GCC_WARN_64_TO_32_BIT_CONVERSION = YES;
				GCC_WARN_ABOUT_RETURN_TYPE = YES_ERROR;
				GCC_WARN_UNDECLARED_SELECTOR = YES;
				GCC_WARN_UNINITIALIZED_AUTOS = YES_AGGRESSIVE;
				GCC_WARN_UNUSED_FUNCTION = YES;
				GCC_WARN_UNUSED_VARIABLE = YES;
				IPHONEOS_DEPLOYMENT_TARGET = 15.5;
				MTL_ENABLE_DEBUG_INFO = NO;
				MTL_FAST_MATH = YES;
				SDKROOT = iphoneos;
				SWIFT_COMPILATION_MODE = wholemodule;
				SWIFT_OPTIMIZATION_LEVEL = "-O";
				VALIDATE_PRODUCT = YES;
			};
			name = Release;
		};
		56C8989F2989CC6C00EC5FD8 /* Debug */ = {
			isa = XCBuildConfiguration;
			buildSettings = {
				ASSETCATALOG_COMPILER_APPICON_NAME = AppIcon;
				ASSETCATALOG_COMPILER_GLOBAL_ACCENT_COLOR_NAME = AccentColor;
				CODE_SIGN_STYLE = Automatic;
				CURRENT_PROJECT_VERSION = 1;
				DEVELOPMENT_ASSET_PATHS = "\"Appstore Frameworks/Preview Content\"";
				ENABLE_PREVIEWS = YES;
				GENERATE_INFOPLIST_FILE = YES;
				INFOPLIST_KEY_UIApplicationSceneManifest_Generation = YES;
				INFOPLIST_KEY_UIApplicationSupportsIndirectInputEvents = YES;
				INFOPLIST_KEY_UILaunchScreen_Generation = YES;
				INFOPLIST_KEY_UISupportedInterfaceOrientations_iPad = "UIInterfaceOrientationPortrait UIInterfaceOrientationPortraitUpsideDown UIInterfaceOrientationLandscapeLeft UIInterfaceOrientationLandscapeRight";
				INFOPLIST_KEY_UISupportedInterfaceOrientations_iPhone = "UIInterfaceOrientationPortrait UIInterfaceOrientationLandscapeLeft UIInterfaceOrientationLandscapeRight";
				LD_RUNPATH_SEARCH_PATHS = (
					"$(inherited)",
					"@executable_path/Frameworks",
				);
				MARKETING_VERSION = 1.0;
				PRODUCT_BUNDLE_IDENTIFIER = "com.swami.Appstore-Frameworks";
				PRODUCT_NAME = "$(TARGET_NAME)";
				SWIFT_EMIT_LOC_STRINGS = YES;
				SWIFT_VERSION = 5.0;
				TARGETED_DEVICE_FAMILY = "1,2";
			};
			name = Debug;
		};
		56C898A02989CC6C00EC5FD8 /* Release */ = {
			isa = XCBuildConfiguration;
			buildSettings = {
				ASSETCATALOG_COMPILER_APPICON_NAME = AppIcon;
				ASSETCATALOG_COMPILER_GLOBAL_ACCENT_COLOR_NAME = AccentColor;
				CODE_SIGN_STYLE = Automatic;
				CURRENT_PROJECT_VERSION = 1;
				DEVELOPMENT_ASSET_PATHS = "\"Appstore Frameworks/Preview Content\"";
				ENABLE_PREVIEWS = YES;
				GENERATE_INFOPLIST_FILE = YES;
				INFOPLIST_KEY_UIApplicationSceneManifest_Generation = YES;
				INFOPLIST_KEY_UIApplicationSupportsIndirectInputEvents = YES;
				INFOPLIST_KEY_UILaunchScreen_Generation = YES;
				INFOPLIST_KEY_UISupportedInterfaceOrientations_iPad = "UIInterfaceOrientationPortrait UIInterfaceOrientationPortraitUpsideDown UIInterfaceOrientationLandscapeLeft UIInterfaceOrientationLandscapeRight";
				INFOPLIST_KEY_UISupportedInterfaceOrientations_iPhone = "UIInterfaceOrientationPortrait UIInterfaceOrientationLandscapeLeft UIInterfaceOrientationLandscapeRight";
				LD_RUNPATH_SEARCH_PATHS = (
					"$(inherited)",
					"@executable_path/Frameworks",
				);
				MARKETING_VERSION = 1.0;
				PRODUCT_BUNDLE_IDENTIFIER = "com.swami.Appstore-Frameworks";
				PRODUCT_NAME = "$(TARGET_NAME)";
				SWIFT_EMIT_LOC_STRINGS = YES;
				SWIFT_VERSION = 5.0;
				TARGETED_DEVICE_FAMILY = "1,2";
			};
			name = Release;
		};
/* End XCBuildConfiguration section */

/* Begin XCConfigurationList section */
		56C8988B2989CC6B00EC5FD8 /* Build configuration list for PBXProject "Appstore Frameworks" */ = {
			isa = XCConfigurationList;
			buildConfigurations = (
				56C8989C2989CC6C00EC5FD8 /* Debug */,
				56C8989D2989CC6C00EC5FD8 /* Release */,
			);
			defaultConfigurationIsVisible = 0;
			defaultConfigurationName = Release;
		};
		56C8989E2989CC6C00EC5FD8 /* Build configuration list for PBXNativeTarget "Appstore Frameworks" */ = {
			isa = XCConfigurationList;
			buildConfigurations = (
				56C8989F2989CC6C00EC5FD8 /* Debug */,
				56C898A02989CC6C00EC5FD8 /* Release */,
			);
			defaultConfigurationIsVisible = 0;
			defaultConfigurationName = Release;
		};
/* End XCConfigurationList section */
	};
	rootObject = 56C898882989CC6B00EC5FD8 /* Project object */;
}
